// !$*UTF8*$!
{
	archiveVersion = 1;
	classes = {
	};
	objectVersion = 50;
	objects = {

/* Begin PBXBuildFile section */
		3F4A67D0237A3319002DE4A4 /* FishNode.swift in Sources */ = {isa = PBXBuildFile; fileRef = 3F4A67CF237A3319002DE4A4 /* FishNode.swift */; };
		3F4A67D2237A4739002DE4A4 /* RedFish.swift in Sources */ = {isa = PBXBuildFile; fileRef = 3F4A67D1237A4739002DE4A4 /* RedFish.swift */; };
		3F4A67D4237A4B77002DE4A4 /* WhiteFish.swift in Sources */ = {isa = PBXBuildFile; fileRef = 3F4A67D3237A4B77002DE4A4 /* WhiteFish.swift */; };
		3F4A67D6237A4C22002DE4A4 /* SickFish.swift in Sources */ = {isa = PBXBuildFile; fileRef = 3F4A67D5237A4C22002DE4A4 /* SickFish.swift */; };
		3F4A67D8237A4E44002DE4A4 /* Platelet.swift in Sources */ = {isa = PBXBuildFile; fileRef = 3F4A67D7237A4E44002DE4A4 /* Platelet.swift */; };
		3F4A67DA237A69CD002DE4A4 /* CurrentNode.swift in Sources */ = {isa = PBXBuildFile; fileRef = 3F4A67D9237A69CD002DE4A4 /* CurrentNode.swift */; };
		3F4A67DC237A75C1002DE4A4 /* OceanScene.swift in Sources */ = {isa = PBXBuildFile; fileRef = 3F4A67DB237A75C1002DE4A4 /* OceanScene.swift */; };
		3F4A67DE237A765D002DE4A4 /* OceanScene.sks in Resources */ = {isa = PBXBuildFile; fileRef = 3F4A67DD237A765C002DE4A4 /* OceanScene.sks */; };
		3F4A67E0237CD296002DE4A4 /* Shark.swift in Sources */ = {isa = PBXBuildFile; fileRef = 3F4A67DF237CD296002DE4A4 /* Shark.swift */; };
		3F6D296F239570ED0005BB34 /* DeepScene.sks in Resources */ = {isa = PBXBuildFile; fileRef = 3F6D296E239570EC0005BB34 /* DeepScene.sks */; };
		3FCE86C223956F31009DD94D /* DeepScene.swift in Sources */ = {isa = PBXBuildFile; fileRef = 3FCE86C123956F31009DD94D /* DeepScene.swift */; };
		EC308EBD237F78A700B44E81 /* LevelScene.swift in Sources */ = {isa = PBXBuildFile; fileRef = EC308EBC237F78A700B44E81 /* LevelScene.swift */; };
		EC498ABE238C630600104AC9 /* GameOverScene.sks in Resources */ = {isa = PBXBuildFile; fileRef = EC498ABD238C630600104AC9 /* GameOverScene.sks */; };
		EC69492723600947007C2DA7 /* GoalScene.swift in Sources */ = {isa = PBXBuildFile; fileRef = EC69492623600947007C2DA7 /* GoalScene.swift */; };
		EC69492923668778007C2DA7 /* GameOverScene.swift in Sources */ = {isa = PBXBuildFile; fileRef = EC69492823668778007C2DA7 /* GameOverScene.swift */; };
		EC7A63DB235D458B00232B9C /* InstructionsScene.swift in Sources */ = {isa = PBXBuildFile; fileRef = EC7A63DA235D458B00232B9C /* InstructionsScene.swift */; };
		EC945128234513A200FA8820 /* AppDelegate.swift in Sources */ = {isa = PBXBuildFile; fileRef = EC945127234513A200FA8820 /* AppDelegate.swift */; };
		EC94512A234513A200FA8820 /* GameScene.sks in Resources */ = {isa = PBXBuildFile; fileRef = EC945129234513A200FA8820 /* GameScene.sks */; };
		EC94512C234513A200FA8820 /* Actions.sks in Resources */ = {isa = PBXBuildFile; fileRef = EC94512B234513A200FA8820 /* Actions.sks */; };
		EC94512E234513A200FA8820 /* GameScene.swift in Sources */ = {isa = PBXBuildFile; fileRef = EC94512D234513A200FA8820 /* GameScene.swift */; };
		EC945130234513A200FA8820 /* GameViewController.swift in Sources */ = {isa = PBXBuildFile; fileRef = EC94512F234513A200FA8820 /* GameViewController.swift */; };
		EC945133234513A200FA8820 /* Main.storyboard in Resources */ = {isa = PBXBuildFile; fileRef = EC945131234513A200FA8820 /* Main.storyboard */; };
		EC945135234513A300FA8820 /* Assets.xcassets in Resources */ = {isa = PBXBuildFile; fileRef = EC945134234513A300FA8820 /* Assets.xcassets */; };
		EC945138234513A300FA8820 /* LaunchScreen.storyboard in Resources */ = {isa = PBXBuildFile; fileRef = EC945136234513A300FA8820 /* LaunchScreen.storyboard */; };
		EC945143234513A300FA8820 /* IntentTests.swift in Sources */ = {isa = PBXBuildFile; fileRef = EC945142234513A300FA8820 /* IntentTests.swift */; };
		EC94514E234513A300FA8820 /* IntentUITests.swift in Sources */ = {isa = PBXBuildFile; fileRef = EC94514D234513A300FA8820 /* IntentUITests.swift */; };
		EC94515E2345148C00FA8820 /* MenuScene.swift in Sources */ = {isa = PBXBuildFile; fileRef = EC94515D2345148C00FA8820 /* MenuScene.swift */; };
		EC945162234514B700FA8820 /* MenuScene.sks in Resources */ = {isa = PBXBuildFile; fileRef = EC945161234514B700FA8820 /* MenuScene.sks */; };
/* End PBXBuildFile section */

/* Begin PBXContainerItemProxy section */
		EC94513F234513A300FA8820 /* PBXContainerItemProxy */ = {
			isa = PBXContainerItemProxy;
			containerPortal = EC94511C234513A200FA8820 /* Project object */;
			proxyType = 1;
			remoteGlobalIDString = EC945123234513A200FA8820;
			remoteInfo = Intent;
		};
		EC94514A234513A300FA8820 /* PBXContainerItemProxy */ = {
			isa = PBXContainerItemProxy;
			containerPortal = EC94511C234513A200FA8820 /* Project object */;
			proxyType = 1;
			remoteGlobalIDString = EC945123234513A200FA8820;
			remoteInfo = Intent;
		};
/* End PBXContainerItemProxy section */

/* Begin PBXFileReference section */
		3F4A67CF237A3319002DE4A4 /* FishNode.swift */ = {isa = PBXFileReference; lastKnownFileType = sourcecode.swift; path = FishNode.swift; sourceTree = "<group>"; };
		3F4A67D1237A4739002DE4A4 /* RedFish.swift */ = {isa = PBXFileReference; lastKnownFileType = sourcecode.swift; path = RedFish.swift; sourceTree = "<group>"; };
		3F4A67D3237A4B77002DE4A4 /* WhiteFish.swift */ = {isa = PBXFileReference; lastKnownFileType = sourcecode.swift; path = WhiteFish.swift; sourceTree = "<group>"; };
		3F4A67D5237A4C22002DE4A4 /* SickFish.swift */ = {isa = PBXFileReference; lastKnownFileType = sourcecode.swift; path = SickFish.swift; sourceTree = "<group>"; };
		3F4A67D7237A4E44002DE4A4 /* Platelet.swift */ = {isa = PBXFileReference; lastKnownFileType = sourcecode.swift; path = Platelet.swift; sourceTree = "<group>"; };
		3F4A67D9237A69CD002DE4A4 /* CurrentNode.swift */ = {isa = PBXFileReference; lastKnownFileType = sourcecode.swift; path = CurrentNode.swift; sourceTree = "<group>"; };
		3F4A67DB237A75C1002DE4A4 /* OceanScene.swift */ = {isa = PBXFileReference; lastKnownFileType = sourcecode.swift; path = OceanScene.swift; sourceTree = "<group>"; };
		3F4A67DD237A765C002DE4A4 /* OceanScene.sks */ = {isa = PBXFileReference; lastKnownFileType = file.sks; path = OceanScene.sks; sourceTree = "<group>"; };
		3F4A67DF237CD296002DE4A4 /* Shark.swift */ = {isa = PBXFileReference; lastKnownFileType = sourcecode.swift; path = Shark.swift; sourceTree = "<group>"; };
		3F6D296E239570EC0005BB34 /* DeepScene.sks */ = {isa = PBXFileReference; lastKnownFileType = file.sks; path = DeepScene.sks; sourceTree = "<group>"; };
		3FCE86C123956F31009DD94D /* DeepScene.swift */ = {isa = PBXFileReference; lastKnownFileType = sourcecode.swift; path = DeepScene.swift; sourceTree = "<group>"; };
		EC308EBC237F78A700B44E81 /* LevelScene.swift */ = {isa = PBXFileReference; lastKnownFileType = sourcecode.swift; path = LevelScene.swift; sourceTree = "<group>"; };
		EC498ABD238C630600104AC9 /* GameOverScene.sks */ = {isa = PBXFileReference; lastKnownFileType = file.sks; path = GameOverScene.sks; sourceTree = "<group>"; };
		EC69492623600947007C2DA7 /* GoalScene.swift */ = {isa = PBXFileReference; lastKnownFileType = sourcecode.swift; path = GoalScene.swift; sourceTree = "<group>"; };
		EC69492823668778007C2DA7 /* GameOverScene.swift */ = {isa = PBXFileReference; lastKnownFileType = sourcecode.swift; path = GameOverScene.swift; sourceTree = "<group>"; };
		EC7A63DA235D458B00232B9C /* InstructionsScene.swift */ = {isa = PBXFileReference; fileEncoding = 4; lastKnownFileType = sourcecode.swift; path = InstructionsScene.swift; sourceTree = "<group>"; };
		EC945124234513A200FA8820 /* Intent.app */ = {isa = PBXFileReference; explicitFileType = wrapper.application; includeInIndex = 0; path = Intent.app; sourceTree = BUILT_PRODUCTS_DIR; };
		EC945127234513A200FA8820 /* AppDelegate.swift */ = {isa = PBXFileReference; lastKnownFileType = sourcecode.swift; path = AppDelegate.swift; sourceTree = "<group>"; };
		EC945129234513A200FA8820 /* GameScene.sks */ = {isa = PBXFileReference; lastKnownFileType = file.sks; path = GameScene.sks; sourceTree = "<group>"; };
		EC94512B234513A200FA8820 /* Actions.sks */ = {isa = PBXFileReference; lastKnownFileType = file.sks; path = Actions.sks; sourceTree = "<group>"; };
		EC94512D234513A200FA8820 /* GameScene.swift */ = {isa = PBXFileReference; lastKnownFileType = sourcecode.swift; path = GameScene.swift; sourceTree = "<group>"; };
		EC94512F234513A200FA8820 /* GameViewController.swift */ = {isa = PBXFileReference; lastKnownFileType = sourcecode.swift; path = GameViewController.swift; sourceTree = "<group>"; };
		EC945132234513A200FA8820 /* Base */ = {isa = PBXFileReference; lastKnownFileType = file.storyboard; name = Base; path = Base.lproj/Main.storyboard; sourceTree = "<group>"; };
		EC945134234513A300FA8820 /* Assets.xcassets */ = {isa = PBXFileReference; lastKnownFileType = folder.assetcatalog; path = Assets.xcassets; sourceTree = "<group>"; };
		EC945137234513A300FA8820 /* Base */ = {isa = PBXFileReference; lastKnownFileType = file.storyboard; name = Base; path = Base.lproj/LaunchScreen.storyboard; sourceTree = "<group>"; };
		EC945139234513A300FA8820 /* Info.plist */ = {isa = PBXFileReference; lastKnownFileType = text.plist.xml; path = Info.plist; sourceTree = "<group>"; };
		EC94513E234513A300FA8820 /* IntentTests.xctest */ = {isa = PBXFileReference; explicitFileType = wrapper.cfbundle; includeInIndex = 0; path = IntentTests.xctest; sourceTree = BUILT_PRODUCTS_DIR; };
		EC945142234513A300FA8820 /* IntentTests.swift */ = {isa = PBXFileReference; lastKnownFileType = sourcecode.swift; path = IntentTests.swift; sourceTree = "<group>"; };
		EC945144234513A300FA8820 /* Info.plist */ = {isa = PBXFileReference; lastKnownFileType = text.plist.xml; path = Info.plist; sourceTree = "<group>"; };
		EC945149234513A300FA8820 /* IntentUITests.xctest */ = {isa = PBXFileReference; explicitFileType = wrapper.cfbundle; includeInIndex = 0; path = IntentUITests.xctest; sourceTree = BUILT_PRODUCTS_DIR; };
		EC94514D234513A300FA8820 /* IntentUITests.swift */ = {isa = PBXFileReference; lastKnownFileType = sourcecode.swift; path = IntentUITests.swift; sourceTree = "<group>"; };
		EC94514F234513A300FA8820 /* Info.plist */ = {isa = PBXFileReference; lastKnownFileType = text.plist.xml; path = Info.plist; sourceTree = "<group>"; };
		EC94515D2345148C00FA8820 /* MenuScene.swift */ = {isa = PBXFileReference; lastKnownFileType = sourcecode.swift; path = MenuScene.swift; sourceTree = "<group>"; };
		EC945161234514B700FA8820 /* MenuScene.sks */ = {isa = PBXFileReference; lastKnownFileType = file.sks; path = MenuScene.sks; sourceTree = "<group>"; };
/* End PBXFileReference section */

/* Begin PBXFrameworksBuildPhase section */
		EC945121234513A200FA8820 /* Frameworks */ = {
			isa = PBXFrameworksBuildPhase;
			buildActionMask = 2147483647;
			files = (
			);
			runOnlyForDeploymentPostprocessing = 0;
		};
		EC94513B234513A300FA8820 /* Frameworks */ = {
			isa = PBXFrameworksBuildPhase;
			buildActionMask = 2147483647;
			files = (
			);
			runOnlyForDeploymentPostprocessing = 0;
		};
		EC945146234513A300FA8820 /* Frameworks */ = {
			isa = PBXFrameworksBuildPhase;
			buildActionMask = 2147483647;
			files = (
			);
			runOnlyForDeploymentPostprocessing = 0;
		};
/* End PBXFrameworksBuildPhase section */

/* Begin PBXGroup section */
		EC94511B234513A200FA8820 = {
			isa = PBXGroup;
			children = (
				EC945126234513A200FA8820 /* Intent */,
				EC945141234513A300FA8820 /* IntentTests */,
				EC94514C234513A300FA8820 /* IntentUITests */,
				EC945125234513A200FA8820 /* Products */,
			);
			sourceTree = "<group>";
		};
		EC945125234513A200FA8820 /* Products */ = {
			isa = PBXGroup;
			children = (
				EC945124234513A200FA8820 /* Intent.app */,
				EC94513E234513A300FA8820 /* IntentTests.xctest */,
				EC945149234513A300FA8820 /* IntentUITests.xctest */,
			);
			name = Products;
			sourceTree = "<group>";
		};
		EC945126234513A200FA8820 /* Intent */ = {
			isa = PBXGroup;
			children = (
				EC945127234513A200FA8820 /* AppDelegate.swift */,
				EC94515C2345147600FA8820 /* ScenesFiles */,
				EC94515B2345146B00FA8820 /* Scenes */,
				EC94512F234513A200FA8820 /* GameViewController.swift */,
				EC945131234513A200FA8820 /* Main.storyboard */,
				EC945134234513A300FA8820 /* Assets.xcassets */,
				EC945136234513A300FA8820 /* LaunchScreen.storyboard */,
				EC945139234513A300FA8820 /* Info.plist */,
			);
			path = Intent;
			sourceTree = "<group>";
		};
		EC945141234513A300FA8820 /* IntentTests */ = {
			isa = PBXGroup;
			children = (
				EC945142234513A300FA8820 /* IntentTests.swift */,
				EC945144234513A300FA8820 /* Info.plist */,
			);
			path = IntentTests;
			sourceTree = "<group>";
		};
		EC94514C234513A300FA8820 /* IntentUITests */ = {
			isa = PBXGroup;
			children = (
				EC94514D234513A300FA8820 /* IntentUITests.swift */,
				EC94514F234513A300FA8820 /* Info.plist */,
			);
			path = IntentUITests;
			sourceTree = "<group>";
		};
		EC94515B2345146B00FA8820 /* Scenes */ = {
			isa = PBXGroup;
			children = (
				EC945129234513A200FA8820 /* GameScene.sks */,
				3F6D296E239570EC0005BB34 /* DeepScene.sks */,
				3F4A67DD237A765C002DE4A4 /* OceanScene.sks */,
				EC94512B234513A200FA8820 /* Actions.sks */,
				EC945161234514B700FA8820 /* MenuScene.sks */,
				EC498ABD238C630600104AC9 /* GameOverScene.sks */,
			);
			path = Scenes;
			sourceTree = "<group>";
		};
		EC94515C2345147600FA8820 /* ScenesFiles */ = {
			isa = PBXGroup;
			children = (
				EC94515D2345148C00FA8820 /* MenuScene.swift */,
				EC7A63DA235D458B00232B9C /* InstructionsScene.swift */,
				EC69492623600947007C2DA7 /* GoalScene.swift */,
				EC94512D234513A200FA8820 /* GameScene.swift */,
				3F4A67DB237A75C1002DE4A4 /* OceanScene.swift */,
				3FCE86C123956F31009DD94D /* DeepScene.swift */,
				EC69492823668778007C2DA7 /* GameOverScene.swift */,
				EC308EBC237F78A700B44E81 /* LevelScene.swift */,
				3F4A67CF237A3319002DE4A4 /* FishNode.swift */,
				3F4A67D1237A4739002DE4A4 /* RedFish.swift */,
				3F4A67D9237A69CD002DE4A4 /* CurrentNode.swift */,
				3F4A67D3237A4B77002DE4A4 /* WhiteFish.swift */,
				3F4A67D5237A4C22002DE4A4 /* SickFish.swift */,
				3F4A67D7237A4E44002DE4A4 /* Platelet.swift */,
				3F4A67DF237CD296002DE4A4 /* Shark.swift */,
			);
			path = ScenesFiles;
			sourceTree = "<group>";
		};
/* End PBXGroup section */

/* Begin PBXNativeTarget section */
		EC945123234513A200FA8820 /* Intent */ = {
			isa = PBXNativeTarget;
			buildConfigurationList = EC945152234513A300FA8820 /* Build configuration list for PBXNativeTarget "Intent" */;
			buildPhases = (
				EC945120234513A200FA8820 /* Sources */,
				EC945121234513A200FA8820 /* Frameworks */,
				EC945122234513A200FA8820 /* Resources */,
			);
			buildRules = (
			);
			dependencies = (
			);
			name = Intent;
			productName = Intent;
			productReference = EC945124234513A200FA8820 /* Intent.app */;
			productType = "com.apple.product-type.application";
		};
		EC94513D234513A300FA8820 /* IntentTests */ = {
			isa = PBXNativeTarget;
			buildConfigurationList = EC945155234513A300FA8820 /* Build configuration list for PBXNativeTarget "IntentTests" */;
			buildPhases = (
				EC94513A234513A300FA8820 /* Sources */,
				EC94513B234513A300FA8820 /* Frameworks */,
				EC94513C234513A300FA8820 /* Resources */,
			);
			buildRules = (
			);
			dependencies = (
				EC945140234513A300FA8820 /* PBXTargetDependency */,
			);
			name = IntentTests;
			productName = IntentTests;
			productReference = EC94513E234513A300FA8820 /* IntentTests.xctest */;
			productType = "com.apple.product-type.bundle.unit-test";
		};
		EC945148234513A300FA8820 /* IntentUITests */ = {
			isa = PBXNativeTarget;
			buildConfigurationList = EC945158234513A300FA8820 /* Build configuration list for PBXNativeTarget "IntentUITests" */;
			buildPhases = (
				EC945145234513A300FA8820 /* Sources */,
				EC945146234513A300FA8820 /* Frameworks */,
				EC945147234513A300FA8820 /* Resources */,
			);
			buildRules = (
			);
			dependencies = (
				EC94514B234513A300FA8820 /* PBXTargetDependency */,
			);
			name = IntentUITests;
			productName = IntentUITests;
			productReference = EC945149234513A300FA8820 /* IntentUITests.xctest */;
			productType = "com.apple.product-type.bundle.ui-testing";
		};
/* End PBXNativeTarget section */

/* Begin PBXProject section */
		EC94511C234513A200FA8820 /* Project object */ = {
			isa = PBXProject;
			attributes = {
				LastSwiftUpdateCheck = 1100;
				LastUpgradeCheck = 1100;
				ORGANIZATIONNAME = "Paulina Asturias";
				TargetAttributes = {
					EC945123234513A200FA8820 = {
						CreatedOnToolsVersion = 11.0;
					};
					EC94513D234513A300FA8820 = {
						CreatedOnToolsVersion = 11.0;
						TestTargetID = EC945123234513A200FA8820;
					};
					EC945148234513A300FA8820 = {
						CreatedOnToolsVersion = 11.0;
						TestTargetID = EC945123234513A200FA8820;
					};
				};
			};
			buildConfigurationList = EC94511F234513A200FA8820 /* Build configuration list for PBXProject "Intent" */;
			compatibilityVersion = "Xcode 9.3";
			developmentRegion = en;
			hasScannedForEncodings = 0;
			knownRegions = (
				en,
				Base,
			);
			mainGroup = EC94511B234513A200FA8820;
			productRefGroup = EC945125234513A200FA8820 /* Products */;
			projectDirPath = "";
			projectRoot = "";
			targets = (
				EC945123234513A200FA8820 /* Intent */,
				EC94513D234513A300FA8820 /* IntentTests */,
				EC945148234513A300FA8820 /* IntentUITests */,
			);
		};
/* End PBXProject section */

/* Begin PBXResourcesBuildPhase section */
		EC945122234513A200FA8820 /* Resources */ = {
			isa = PBXResourcesBuildPhase;
			buildActionMask = 2147483647;
			files = (
				EC945133234513A200FA8820 /* Main.storyboard in Resources */,
				EC945162234514B700FA8820 /* MenuScene.sks in Resources */,
				EC94512A234513A200FA8820 /* GameScene.sks in Resources */,
				EC945135234513A300FA8820 /* Assets.xcassets in Resources */,
				EC498ABE238C630600104AC9 /* GameOverScene.sks in Resources */,
				EC945138234513A300FA8820 /* LaunchScreen.storyboard in Resources */,
				3F4A67DE237A765D002DE4A4 /* OceanScene.sks in Resources */,
				EC94512C234513A200FA8820 /* Actions.sks in Resources */,
				3F6D296F239570ED0005BB34 /* DeepScene.sks in Resources */,
			);
			runOnlyForDeploymentPostprocessing = 0;
		};
		EC94513C234513A300FA8820 /* Resources */ = {
			isa = PBXResourcesBuildPhase;
			buildActionMask = 2147483647;
			files = (
			);
			runOnlyForDeploymentPostprocessing = 0;
		};
		EC945147234513A300FA8820 /* Resources */ = {
			isa = PBXResourcesBuildPhase;
			buildActionMask = 2147483647;
			files = (
			);
			runOnlyForDeploymentPostprocessing = 0;
		};
/* End PBXResourcesBuildPhase section */

/* Begin PBXSourcesBuildPhase section */
		EC945120234513A200FA8820 /* Sources */ = {
			isa = PBXSourcesBuildPhase;
			buildActionMask = 2147483647;
			files = (
				EC94512E234513A200FA8820 /* GameScene.swift in Sources */,
				EC308EBD237F78A700B44E81 /* LevelScene.swift in Sources */,
				3F4A67E0237CD296002DE4A4 /* Shark.swift in Sources */,
				3F4A67D0237A3319002DE4A4 /* FishNode.swift in Sources */,
				EC94515E2345148C00FA8820 /* MenuScene.swift in Sources */,
				3F4A67D4237A4B77002DE4A4 /* WhiteFish.swift in Sources */,
				3F4A67D8237A4E44002DE4A4 /* Platelet.swift in Sources */,
				3F4A67DC237A75C1002DE4A4 /* OceanScene.swift in Sources */,
				3FCE86C223956F31009DD94D /* DeepScene.swift in Sources */,
				3F4A67D6237A4C22002DE4A4 /* SickFish.swift in Sources */,
				3F4A67D2237A4739002DE4A4 /* RedFish.swift in Sources */,
				3F4A67DA237A69CD002DE4A4 /* CurrentNode.swift in Sources */,
				EC69492923668778007C2DA7 /* GameOverScene.swift in Sources */,
				EC945130234513A200FA8820 /* GameViewController.swift in Sources */,
				EC69492723600947007C2DA7 /* GoalScene.swift in Sources */,
				EC7A63DB235D458B00232B9C /* InstructionsScene.swift in Sources */,
				EC945128234513A200FA8820 /* AppDelegate.swift in Sources */,
			);
			runOnlyForDeploymentPostprocessing = 0;
		};
		EC94513A234513A300FA8820 /* Sources */ = {
			isa = PBXSourcesBuildPhase;
			buildActionMask = 2147483647;
			files = (
				EC945143234513A300FA8820 /* IntentTests.swift in Sources */,
			);
			runOnlyForDeploymentPostprocessing = 0;
		};
		EC945145234513A300FA8820 /* Sources */ = {
			isa = PBXSourcesBuildPhase;
			buildActionMask = 2147483647;
			files = (
				EC94514E234513A300FA8820 /* IntentUITests.swift in Sources */,
			);
			runOnlyForDeploymentPostprocessing = 0;
		};
/* End PBXSourcesBuildPhase section */

/* Begin PBXTargetDependency section */
		EC945140234513A300FA8820 /* PBXTargetDependency */ = {
			isa = PBXTargetDependency;
			target = EC945123234513A200FA8820 /* Intent */;
			targetProxy = EC94513F234513A300FA8820 /* PBXContainerItemProxy */;
		};
		EC94514B234513A300FA8820 /* PBXTargetDependency */ = {
			isa = PBXTargetDependency;
			target = EC945123234513A200FA8820 /* Intent */;
			targetProxy = EC94514A234513A300FA8820 /* PBXContainerItemProxy */;
		};
/* End PBXTargetDependency section */

/* Begin PBXVariantGroup section */
		EC945131234513A200FA8820 /* Main.storyboard */ = {
			isa = PBXVariantGroup;
			children = (
				EC945132234513A200FA8820 /* Base */,
			);
			name = Main.storyboard;
			sourceTree = "<group>";
		};
		EC945136234513A300FA8820 /* LaunchScreen.storyboard */ = {
			isa = PBXVariantGroup;
			children = (
				EC945137234513A300FA8820 /* Base */,
			);
			name = LaunchScreen.storyboard;
			sourceTree = "<group>";
		};
/* End PBXVariantGroup section */

/* Begin XCBuildConfiguration section */
		EC945150234513A300FA8820 /* Debug */ = {
			isa = XCBuildConfiguration;
			buildSettings = {
				ALWAYS_SEARCH_USER_PATHS = NO;
				CLANG_ANALYZER_NONNULL = YES;
				CLANG_ANALYZER_NUMBER_OBJECT_CONVERSION = YES_AGGRESSIVE;
				CLANG_CXX_LANGUAGE_STANDARD = "gnu++14";
				CLANG_CXX_LIBRARY = "libc++";
				CLANG_ENABLE_MODULES = YES;
				CLANG_ENABLE_OBJC_ARC = YES;
				CLANG_ENABLE_OBJC_WEAK = YES;
				CLANG_WARN_BLOCK_CAPTURE_AUTORELEASING = YES;
				CLANG_WARN_BOOL_CONVERSION = YES;
				CLANG_WARN_COMMA = YES;
				CLANG_WARN_CONSTANT_CONVERSION = YES;
				CLANG_WARN_DEPRECATED_OBJC_IMPLEMENTATIONS = YES;
				CLANG_WARN_DIRECT_OBJC_ISA_USAGE = YES_ERROR;
				CLANG_WARN_DOCUMENTATION_COMMENTS = YES;
				CLANG_WARN_EMPTY_BODY = YES;
				CLANG_WARN_ENUM_CONVERSION = YES;
				CLANG_WARN_INFINITE_RECURSION = YES;
				CLANG_WARN_INT_CONVERSION = YES;
				CLANG_WARN_NON_LITERAL_NULL_CONVERSION = YES;
				CLANG_WARN_OBJC_IMPLICIT_RETAIN_SELF = YES;
				CLANG_WARN_OBJC_LITERAL_CONVERSION = YES;
				CLANG_WARN_OBJC_ROOT_CLASS = YES_ERROR;
				CLANG_WARN_RANGE_LOOP_ANALYSIS = YES;
				CLANG_WARN_STRICT_PROTOTYPES = YES;
				CLANG_WARN_SUSPICIOUS_MOVE = YES;
				CLANG_WARN_UNGUARDED_AVAILABILITY = YES_AGGRESSIVE;
				CLANG_WARN_UNREACHABLE_CODE = YES;
				CLANG_WARN__DUPLICATE_METHOD_MATCH = YES;
				COPY_PHASE_STRIP = NO;
				DEBUG_INFORMATION_FORMAT = dwarf;
				ENABLE_STRICT_OBJC_MSGSEND = YES;
				ENABLE_TESTABILITY = YES;
				GCC_C_LANGUAGE_STANDARD = gnu11;
				GCC_DYNAMIC_NO_PIC = NO;
				GCC_NO_COMMON_BLOCKS = YES;
				GCC_OPTIMIZATION_LEVEL = 0;
				GCC_PREPROCESSOR_DEFINITIONS = (
					"DEBUG=1",
					"$(inherited)",
				);
				GCC_WARN_64_TO_32_BIT_CONVERSION = YES;
				GCC_WARN_ABOUT_RETURN_TYPE = YES_ERROR;
				GCC_WARN_UNDECLARED_SELECTOR = YES;
				GCC_WARN_UNINITIALIZED_AUTOS = YES_AGGRESSIVE;
				GCC_WARN_UNUSED_FUNCTION = YES;
				GCC_WARN_UNUSED_VARIABLE = YES;
				IPHONEOS_DEPLOYMENT_TARGET = 13.0;
				MTL_ENABLE_DEBUG_INFO = INCLUDE_SOURCE;
				MTL_FAST_MATH = YES;
				ONLY_ACTIVE_ARCH = YES;
				SDKROOT = iphoneos;
				SWIFT_ACTIVE_COMPILATION_CONDITIONS = DEBUG;
				SWIFT_OPTIMIZATION_LEVEL = "-Onone";
			};
			name = Debug;
		};
		EC945151234513A300FA8820 /* Release */ = {
			isa = XCBuildConfiguration;
			buildSettings = {
				ALWAYS_SEARCH_USER_PATHS = NO;
				CLANG_ANALYZER_NONNULL = YES;
				CLANG_ANALYZER_NUMBER_OBJECT_CONVERSION = YES_AGGRESSIVE;
				CLANG_CXX_LANGUAGE_STANDARD = "gnu++14";
				CLANG_CXX_LIBRARY = "libc++";
				CLANG_ENABLE_MODULES = YES;
				CLANG_ENABLE_OBJC_ARC = YES;
				CLANG_ENABLE_OBJC_WEAK = YES;
				CLANG_WARN_BLOCK_CAPTURE_AUTORELEASING = YES;
				CLANG_WARN_BOOL_CONVERSION = YES;
				CLANG_WARN_COMMA = YES;
				CLANG_WARN_CONSTANT_CONVERSION = YES;
				CLANG_WARN_DEPRECATED_OBJC_IMPLEMENTATIONS = YES;
				CLANG_WARN_DIRECT_OBJC_ISA_USAGE = YES_ERROR;
				CLANG_WARN_DOCUMENTATION_COMMENTS = YES;
				CLANG_WARN_EMPTY_BODY = YES;
				CLANG_WARN_ENUM_CONVERSION = YES;
				CLANG_WARN_INFINITE_RECURSION = YES;
				CLANG_WARN_INT_CONVERSION = YES;
				CLANG_WARN_NON_LITERAL_NULL_CONVERSION = YES;
				CLANG_WARN_OBJC_IMPLICIT_RETAIN_SELF = YES;
				CLANG_WARN_OBJC_LITERAL_CONVERSION = YES;
				CLANG_WARN_OBJC_ROOT_CLASS = YES_ERROR;
				CLANG_WARN_RANGE_LOOP_ANALYSIS = YES;
				CLANG_WARN_STRICT_PROTOTYPES = YES;
				CLANG_WARN_SUSPICIOUS_MOVE = YES;
				CLANG_WARN_UNGUARDED_AVAILABILITY = YES_AGGRESSIVE;
				CLANG_WARN_UNREACHABLE_CODE = YES;
				CLANG_WARN__DUPLICATE_METHOD_MATCH = YES;
				COPY_PHASE_STRIP = NO;
				DEBUG_INFORMATION_FORMAT = "dwarf-with-dsym";
				ENABLE_NS_ASSERTIONS = NO;
				ENABLE_STRICT_OBJC_MSGSEND = YES;
				GCC_C_LANGUAGE_STANDARD = gnu11;
				GCC_NO_COMMON_BLOCKS = YES;
				GCC_WARN_64_TO_32_BIT_CONVERSION = YES;
				GCC_WARN_ABOUT_RETURN_TYPE = YES_ERROR;
				GCC_WARN_UNDECLARED_SELECTOR = YES;
				GCC_WARN_UNINITIALIZED_AUTOS = YES_AGGRESSIVE;
				GCC_WARN_UNUSED_FUNCTION = YES;
				GCC_WARN_UNUSED_VARIABLE = YES;
				IPHONEOS_DEPLOYMENT_TARGET = 13.0;
				MTL_ENABLE_DEBUG_INFO = NO;
				MTL_FAST_MATH = YES;
				SDKROOT = iphoneos;
				SWIFT_COMPILATION_MODE = wholemodule;
				SWIFT_OPTIMIZATION_LEVEL = "-O";
				VALIDATE_PRODUCT = YES;
			};
			name = Release;
		};
		EC945153234513A300FA8820 /* Debug */ = {
			isa = XCBuildConfiguration;
			buildSettings = {
				ASSETCATALOG_COMPILER_APPICON_NAME = AppIcon;
				CODE_SIGN_STYLE = Automatic;
				DEVELOPMENT_TEAM = TP8B7AY288;
				INFOPLIST_FILE = Intent/Info.plist;
				LD_RUNPATH_SEARCH_PATHS = (
					"$(inherited)",
					"@executable_path/Frameworks",
				);
				PRODUCT_BUNDLE_IDENTIFIER = org.bowenseclan.Intent;
				PRODUCT_NAME = Intent;
				SWIFT_VERSION = 5.0;
				TARGETED_DEVICE_FAMILY = "1,2";
			};
			name = Debug;
		};
		EC945154234513A300FA8820 /* Release */ = {
			isa = XCBuildConfiguration;
			buildSettings = {
				ASSETCATALOG_COMPILER_APPICON_NAME = AppIcon;
				CODE_SIGN_STYLE = Automatic;
				DEVELOPMENT_TEAM = TP8B7AY288;
				INFOPLIST_FILE = Intent/Info.plist;
				LD_RUNPATH_SEARCH_PATHS = (
					"$(inherited)",
					"@executable_path/Frameworks",
				);
				PRODUCT_BUNDLE_IDENTIFIER = org.bowenseclan.Intent;
				PRODUCT_NAME = Intent;
				SWIFT_VERSION = 5.0;
				TARGETED_DEVICE_FAMILY = "1,2";
			};
			name = Release;
		};
		EC945156234513A300FA8820 /* Debug */ = {
			isa = XCBuildConfiguration;
			buildSettings = {
				ALWAYS_EMBED_SWIFT_STANDARD_LIBRARIES = YES;
				BUNDLE_LOADER = "$(TEST_HOST)";
				CODE_SIGN_STYLE = Automatic;
				DEVELOPMENT_TEAM = 44ZJ9AB9WC;
				INFOPLIST_FILE = IntentTests/Info.plist;
				IPHONEOS_DEPLOYMENT_TARGET = 13.0;
				LD_RUNPATH_SEARCH_PATHS = (
					"$(inherited)",
					"@executable_path/Frameworks",
					"@loader_path/Frameworks",
				);
				PRODUCT_BUNDLE_IDENTIFIER = Compsci408.IntentTests;
				PRODUCT_NAME = "$(TARGET_NAME)";
				SWIFT_VERSION = 5.0;
				TARGETED_DEVICE_FAMILY = "1,2";
				TEST_HOST = "$(BUILT_PRODUCTS_DIR)/Intent.app/Intent";
			};
			name = Debug;
		};
		EC945157234513A300FA8820 /* Release */ = {
			isa = XCBuildConfiguration;
			buildSettings = {
				ALWAYS_EMBED_SWIFT_STANDARD_LIBRARIES = YES;
				BUNDLE_LOADER = "$(TEST_HOST)";
				CODE_SIGN_STYLE = Automatic;
				DEVELOPMENT_TEAM = 44ZJ9AB9WC;
				INFOPLIST_FILE = IntentTests/Info.plist;
				IPHONEOS_DEPLOYMENT_TARGET = 13.0;
				LD_RUNPATH_SEARCH_PATHS = (
					"$(inherited)",
					"@executable_path/Frameworks",
					"@loader_path/Frameworks",
				);
				PRODUCT_BUNDLE_IDENTIFIER = Compsci408.IntentTests;
				PRODUCT_NAME = "$(TARGET_NAME)";
				SWIFT_VERSION = 5.0;
				TARGETED_DEVICE_FAMILY = "1,2";
				TEST_HOST = "$(BUILT_PRODUCTS_DIR)/Intent.app/Intent";
			};
			name = Release;
		};
		EC945159234513A300FA8820 /* Debug */ = {
			isa = XCBuildConfiguration;
			buildSettings = {
				ALWAYS_EMBED_SWIFT_STANDARD_LIBRARIES = YES;
				CODE_SIGN_STYLE = Automatic;
				DEVELOPMENT_TEAM = 44ZJ9AB9WC;
				INFOPLIST_FILE = IntentUITests/Info.plist;
				LD_RUNPATH_SEARCH_PATHS = (
					"$(inherited)",
					"@executable_path/Frameworks",
					"@loader_path/Frameworks",
				);
				PRODUCT_BUNDLE_IDENTIFIER = Compsci408.IntentUITests;
				PRODUCT_NAME = "$(TARGET_NAME)";
				SWIFT_VERSION = 5.0;
				TARGETED_DEVICE_FAMILY = "1,2";
				TEST_TARGET_NAME = Intent;
			};
			name = Debug;
		};
		EC94515A234513A300FA8820 /* Release */ = {
			isa = XCBuildConfiguration;
			buildSettings = {
				ALWAYS_EMBED_SWIFT_STANDARD_LIBRARIES = YES;
				CODE_SIGN_STYLE = Automatic;
				DEVELOPMENT_TEAM = 44ZJ9AB9WC;
				INFOPLIST_FILE = IntentUITests/Info.plist;
				LD_RUNPATH_SEARCH_PATHS = (
					"$(inherited)",
					"@executable_path/Frameworks",
					"@loader_path/Frameworks",
				);
				PRODUCT_BUNDLE_IDENTIFIER = Compsci408.IntentUITests;
				PRODUCT_NAME = "$(TARGET_NAME)";
				SWIFT_VERSION = 5.0;
				TARGETED_DEVICE_FAMILY = "1,2";
				TEST_TARGET_NAME = Intent;
			};
			name = Release;
		};
/* End XCBuildConfiguration section */

/* Begin XCConfigurationList section */
		EC94511F234513A200FA8820 /* Build configuration list for PBXProject "Intent" */ = {
			isa = XCConfigurationList;
			buildConfigurations = (
				EC945150234513A300FA8820 /* Debug */,
				EC945151234513A300FA8820 /* Release */,
			);
			defaultConfigurationIsVisible = 0;
			defaultConfigurationName = Release;
		};
		EC945152234513A300FA8820 /* Build configuration list for PBXNativeTarget "Intent" */ = {
			isa = XCConfigurationList;
			buildConfigurations = (
				EC945153234513A300FA8820 /* Debug */,
				EC945154234513A300FA8820 /* Release */,
			);
			defaultConfigurationIsVisible = 0;
			defaultConfigurationName = Release;
		};
		EC945155234513A300FA8820 /* Build configuration list for PBXNativeTarget "IntentTests" */ = {
			isa = XCConfigurationList;
			buildConfigurations = (
				EC945156234513A300FA8820 /* Debug */,
				EC945157234513A300FA8820 /* Release */,
			);
			defaultConfigurationIsVisible = 0;
			defaultConfigurationName = Release;
		};
		EC945158234513A300FA8820 /* Build configuration list for PBXNativeTarget "IntentUITests" */ = {
			isa = XCConfigurationList;
			buildConfigurations = (
				EC945159234513A300FA8820 /* Debug */,
				EC94515A234513A300FA8820 /* Release */,
			);
			defaultConfigurationIsVisible = 0;
			defaultConfigurationName = Release;
		};
/* End XCConfigurationList section */
	};
	rootObject = EC94511C234513A200FA8820 /* Project object */;
}
